// !$*UTF8*$!
{
	archiveVersion = 1;
	classes = {
	};
	objectVersion = 56;
	objects = {

/* Begin PBXBuildFile section */
		48AB3FC629F8A03300049CDA /* AppDelegate.swift in Sources */ = {isa = PBXBuildFile; fileRef = 48AB3FC529F8A03300049CDA /* AppDelegate.swift */; };
		48AB3FC829F8A03300049CDA /* SceneDelegate.swift in Sources */ = {isa = PBXBuildFile; fileRef = 48AB3FC729F8A03300049CDA /* SceneDelegate.swift */; };
		48AB3FCD29F8A03300049CDA /* Main.storyboard in Resources */ = {isa = PBXBuildFile; fileRef = 48AB3FCB29F8A03300049CDA /* Main.storyboard */; };
		48AB3FCF29F8A03400049CDA /* Assets.xcassets in Resources */ = {isa = PBXBuildFile; fileRef = 48AB3FCE29F8A03400049CDA /* Assets.xcassets */; };
		48AB3FD229F8A03400049CDA /* LaunchScreen.storyboard in Resources */ = {isa = PBXBuildFile; fileRef = 48AB3FD029F8A03400049CDA /* LaunchScreen.storyboard */; };
		48AB3FDA29F8A03A00049CDA /* README.md in Resources */ = {isa = PBXBuildFile; fileRef = 48AB3FD929F8A03A00049CDA /* README.md */; };
		48AB3FDD29F8A54200049CDA /* ParseSwift in Frameworks */ = {isa = PBXBuildFile; productRef = 48AB3FDC29F8A54200049CDA /* ParseSwift */; };
		48AB3FE529F8A6C300049CDA /* User.swift in Sources */ = {isa = PBXBuildFile; fileRef = 48AB3FE429F8A6C300049CDA /* User.swift */; };
		48AB3FE729F8A6D900049CDA /* Spell.swift in Sources */ = {isa = PBXBuildFile; fileRef = 48AB3FE629F8A6D900049CDA /* Spell.swift */; };
		48AB3FE929F8A6E400049CDA /* Spellbooks.swift in Sources */ = {isa = PBXBuildFile; fileRef = 48AB3FE829F8A6E400049CDA /* Spellbooks.swift */; };
		48AB3FEF29F8A8F300049CDA /* LoginViewController.swift in Sources */ = {isa = PBXBuildFile; fileRef = 48AB3FEE29F8A8F300049CDA /* LoginViewController.swift */; };
		48AB3FF129F8A91300049CDA /* SignUpViewController.swift in Sources */ = {isa = PBXBuildFile; fileRef = 48AB3FF029F8A91300049CDA /* SignUpViewController.swift */; };
		48AB3FF729FA00C300049CDA /* SpellCell.swift in Sources */ = {isa = PBXBuildFile; fileRef = 48AB3FF629FA00C300049CDA /* SpellCell.swift */; };
		48AB3FF929FA014E00049CDA /* SpellListViewController.swift in Sources */ = {isa = PBXBuildFile; fileRef = 48AB3FF829FA014E00049CDA /* SpellListViewController.swift */; };
		48AB3FFB29FA036B00049CDA /* SpellbookListViewController.swift in Sources */ = {isa = PBXBuildFile; fileRef = 48AB3FFA29FA036B00049CDA /* SpellbookListViewController.swift */; };
		48F5D3C72A04A849001DA82C /* SpellbookCell.swift in Sources */ = {isa = PBXBuildFile; fileRef = 48F5D3C62A04A849001DA82C /* SpellbookCell.swift */; };
/* End PBXBuildFile section */

/* Begin PBXFileReference section */
		48AB3FC229F8A03300049CDA /* DNDSpellbook.app */ = {isa = PBXFileReference; explicitFileType = wrapper.application; includeInIndex = 0; path = DNDSpellbook.app; sourceTree = BUILT_PRODUCTS_DIR; };
		48AB3FC529F8A03300049CDA /* AppDelegate.swift */ = {isa = PBXFileReference; lastKnownFileType = sourcecode.swift; path = AppDelegate.swift; sourceTree = "<group>"; };
		48AB3FC729F8A03300049CDA /* SceneDelegate.swift */ = {isa = PBXFileReference; lastKnownFileType = sourcecode.swift; path = SceneDelegate.swift; sourceTree = "<group>"; };
		48AB3FCC29F8A03300049CDA /* Base */ = {isa = PBXFileReference; lastKnownFileType = file.storyboard; name = Base; path = Base.lproj/Main.storyboard; sourceTree = "<group>"; };
		48AB3FCE29F8A03400049CDA /* Assets.xcassets */ = {isa = PBXFileReference; lastKnownFileType = folder.assetcatalog; path = Assets.xcassets; sourceTree = "<group>"; };
		48AB3FD129F8A03400049CDA /* Base */ = {isa = PBXFileReference; lastKnownFileType = file.storyboard; name = Base; path = Base.lproj/LaunchScreen.storyboard; sourceTree = "<group>"; };
		48AB3FD329F8A03400049CDA /* Info.plist */ = {isa = PBXFileReference; lastKnownFileType = text.plist.xml; path = Info.plist; sourceTree = "<group>"; };
		48AB3FD929F8A03A00049CDA /* README.md */ = {isa = PBXFileReference; fileEncoding = 4; lastKnownFileType = net.daringfireball.markdown; path = README.md; sourceTree = "<group>"; };
		48AB3FE429F8A6C300049CDA /* User.swift */ = {isa = PBXFileReference; lastKnownFileType = sourcecode.swift; path = User.swift; sourceTree = "<group>"; };
		48AB3FE629F8A6D900049CDA /* Spell.swift */ = {isa = PBXFileReference; lastKnownFileType = sourcecode.swift; path = Spell.swift; sourceTree = "<group>"; };
		48AB3FE829F8A6E400049CDA /* Spellbooks.swift */ = {isa = PBXFileReference; lastKnownFileType = sourcecode.swift; path = Spellbooks.swift; sourceTree = "<group>"; };
		48AB3FEE29F8A8F300049CDA /* LoginViewController.swift */ = {isa = PBXFileReference; lastKnownFileType = sourcecode.swift; path = LoginViewController.swift; sourceTree = "<group>"; };
		48AB3FF029F8A91300049CDA /* SignUpViewController.swift */ = {isa = PBXFileReference; lastKnownFileType = sourcecode.swift; path = SignUpViewController.swift; sourceTree = "<group>"; };
		48AB3FF629FA00C300049CDA /* SpellCell.swift */ = {isa = PBXFileReference; lastKnownFileType = sourcecode.swift; path = SpellCell.swift; sourceTree = "<group>"; };
		48AB3FF829FA014E00049CDA /* SpellListViewController.swift */ = {isa = PBXFileReference; lastKnownFileType = sourcecode.swift; path = SpellListViewController.swift; sourceTree = "<group>"; };
		48AB3FFA29FA036B00049CDA /* SpellbookListViewController.swift */ = {isa = PBXFileReference; lastKnownFileType = sourcecode.swift; path = SpellbookListViewController.swift; sourceTree = "<group>"; };
		48F5D3C62A04A849001DA82C /* SpellbookCell.swift */ = {isa = PBXFileReference; lastKnownFileType = sourcecode.swift; name = SpellbookCell.swift; path = ../SpellList/SpellbookCell.swift; sourceTree = "<group>"; };
/* End PBXFileReference section */

/* Begin PBXFrameworksBuildPhase section */
		48AB3FBF29F8A03300049CDA /* Frameworks */ = {
			isa = PBXFrameworksBuildPhase;
			buildActionMask = 2147483647;
			files = (
				48AB3FDD29F8A54200049CDA /* ParseSwift in Frameworks */,
			);
			runOnlyForDeploymentPostprocessing = 0;
		};
/* End PBXFrameworksBuildPhase section */

/* Begin PBXGroup section */
		48AB3FB929F8A03300049CDA = {
			isa = PBXGroup;
			children = (
				48AB3FD929F8A03A00049CDA /* README.md */,
				48AB3FC429F8A03300049CDA /* DNDSpellbook */,
				48AB3FC329F8A03300049CDA /* Products */,
			);
			sourceTree = "<group>";
		};
		48AB3FC329F8A03300049CDA /* Products */ = {
			isa = PBXGroup;
			children = (
				48AB3FC229F8A03300049CDA /* DNDSpellbook.app */,
			);
			name = Products;
			sourceTree = "<group>";
		};
		48AB3FC429F8A03300049CDA /* DNDSpellbook */ = {
			isa = PBXGroup;
			children = (
				48AB3FF329FA004F00049CDA /* Spellbooks */,
				48AB3FF229FA004500049CDA /* SpellList */,
				48AB3FE329F8A69F00049CDA /* Models */,
				48AB3FDE29F8A66F00049CDA /* Login */,
				48AB3FC729F8A03300049CDA /* SceneDelegate.swift */,
				48AB3FC529F8A03300049CDA /* AppDelegate.swift */,
				48AB3FCB29F8A03300049CDA /* Main.storyboard */,
				48AB3FCE29F8A03400049CDA /* Assets.xcassets */,
				48AB3FD029F8A03400049CDA /* LaunchScreen.storyboard */,
				48AB3FD329F8A03400049CDA /* Info.plist */,
			);
			path = DNDSpellbook;
			sourceTree = "<group>";
		};
		48AB3FDE29F8A66F00049CDA /* Login */ = {
			isa = PBXGroup;
			children = (
				48AB3FEE29F8A8F300049CDA /* LoginViewController.swift */,
				48AB3FF029F8A91300049CDA /* SignUpViewController.swift */,
			);
			path = Login;
			sourceTree = "<group>";
		};
		48AB3FE329F8A69F00049CDA /* Models */ = {
			isa = PBXGroup;
			children = (
				48AB3FE429F8A6C300049CDA /* User.swift */,
				48AB3FE629F8A6D900049CDA /* Spell.swift */,
				48AB3FE829F8A6E400049CDA /* Spellbooks.swift */,
			);
			path = Models;
			sourceTree = "<group>";
		};
		48AB3FF229FA004500049CDA /* SpellList */ = {
			isa = PBXGroup;
			children = (
				48AB3FF629FA00C300049CDA /* SpellCell.swift */,
				48AB3FF829FA014E00049CDA /* SpellListViewController.swift */,
			);
			path = SpellList;
			sourceTree = "<group>";
		};
		48AB3FF329FA004F00049CDA /* Spellbooks */ = {
			isa = PBXGroup;
			children = (
				48AB3FFA29FA036B00049CDA /* SpellbookListViewController.swift */,
				48F5D3C62A04A849001DA82C /* SpellbookCell.swift */,
			);
			path = Spellbooks;
			sourceTree = "<group>";
		};
/* End PBXGroup section */

/* Begin PBXNativeTarget section */
		48AB3FC129F8A03300049CDA /* DNDSpellbook */ = {
			isa = PBXNativeTarget;
			buildConfigurationList = 48AB3FD629F8A03400049CDA /* Build configuration list for PBXNativeTarget "DNDSpellbook" */;
			buildPhases = (
				48AB3FBE29F8A03300049CDA /* Sources */,
				48AB3FBF29F8A03300049CDA /* Frameworks */,
				48AB3FC029F8A03300049CDA /* Resources */,
			);
			buildRules = (
			);
			dependencies = (
			);
			name = DNDSpellbook;
			packageProductDependencies = (
				48AB3FDC29F8A54200049CDA /* ParseSwift */,
			);
			productName = DNDSpellbook;
			productReference = 48AB3FC229F8A03300049CDA /* DNDSpellbook.app */;
			productType = "com.apple.product-type.application";
		};
/* End PBXNativeTarget section */

/* Begin PBXProject section */
		48AB3FBA29F8A03300049CDA /* Project object */ = {
			isa = PBXProject;
			attributes = {
				BuildIndependentTargetsInParallel = 1;
				LastSwiftUpdateCheck = 1420;
				LastUpgradeCheck = 1420;
				TargetAttributes = {
					48AB3FC129F8A03300049CDA = {
						CreatedOnToolsVersion = 14.2;
					};
				};
			};
			buildConfigurationList = 48AB3FBD29F8A03300049CDA /* Build configuration list for PBXProject "DNDSpellbook" */;
			compatibilityVersion = "Xcode 14.0";
			developmentRegion = en;
			hasScannedForEncodings = 0;
			knownRegions = (
				en,
				Base,
			);
			mainGroup = 48AB3FB929F8A03300049CDA;
			packageReferences = (
				48AB3FDB29F8A54200049CDA /* XCRemoteSwiftPackageReference "Parse-Swift" */,
			);
			productRefGroup = 48AB3FC329F8A03300049CDA /* Products */;
			projectDirPath = "";
			projectRoot = "";
			targets = (
				48AB3FC129F8A03300049CDA /* DNDSpellbook */,
			);
		};
/* End PBXProject section */

/* Begin PBXResourcesBuildPhase section */
		48AB3FC029F8A03300049CDA /* Resources */ = {
			isa = PBXResourcesBuildPhase;
			buildActionMask = 2147483647;
			files = (
				48AB3FD229F8A03400049CDA /* LaunchScreen.storyboard in Resources */,
				48AB3FCF29F8A03400049CDA /* Assets.xcassets in Resources */,
				48AB3FDA29F8A03A00049CDA /* README.md in Resources */,
				48AB3FCD29F8A03300049CDA /* Main.storyboard in Resources */,
			);
			runOnlyForDeploymentPostprocessing = 0;
		};
/* End PBXResourcesBuildPhase section */

/* Begin PBXSourcesBuildPhase section */
		48AB3FBE29F8A03300049CDA /* Sources */ = {
			isa = PBXSourcesBuildPhase;
			buildActionMask = 2147483647;
			files = (
				48AB3FEF29F8A8F300049CDA /* LoginViewController.swift in Sources */,
				48AB3FF929FA014E00049CDA /* SpellListViewController.swift in Sources */,
				48AB3FFB29FA036B00049CDA /* SpellbookListViewController.swift in Sources */,
				48AB3FF129F8A91300049CDA /* SignUpViewController.swift in Sources */,
				48AB3FE729F8A6D900049CDA /* Spell.swift in Sources */,
				48F5D3C72A04A849001DA82C /* SpellbookCell.swift in Sources */,
				48AB3FE529F8A6C300049CDA /* User.swift in Sources */,
				48AB3FC629F8A03300049CDA /* AppDelegate.swift in Sources */,
				48AB3FF729FA00C300049CDA /* SpellCell.swift in Sources */,
				48AB3FE929F8A6E400049CDA /* Spellbooks.swift in Sources */,
				48AB3FC829F8A03300049CDA /* SceneDelegate.swift in Sources */,
			);
			runOnlyForDeploymentPostprocessing = 0;
		};
/* End PBXSourcesBuildPhase section */

/* Begin PBXVariantGroup section */
		48AB3FCB29F8A03300049CDA /* Main.storyboard */ = {
			isa = PBXVariantGroup;
			children = (
				48AB3FCC29F8A03300049CDA /* Base */,
			);
			name = Main.storyboard;
			sourceTree = "<group>";
		};
		48AB3FD029F8A03400049CDA /* LaunchScreen.storyboard */ = {
			isa = PBXVariantGroup;
			children = (
				48AB3FD129F8A03400049CDA /* Base */,
			);
			name = LaunchScreen.storyboard;
			sourceTree = "<group>";
		};
/* End PBXVariantGroup section */

/* Begin XCBuildConfiguration section */
		48AB3FD429F8A03400049CDA /* Debug */ = {
			isa = XCBuildConfiguration;
			buildSettings = {
				ALWAYS_SEARCH_USER_PATHS = NO;
				CLANG_ANALYZER_NONNULL = YES;
				CLANG_ANALYZER_NUMBER_OBJECT_CONVERSION = YES_AGGRESSIVE;
				CLANG_CXX_LANGUAGE_STANDARD = "gnu++20";
				CLANG_ENABLE_MODULES = YES;
				CLANG_ENABLE_OBJC_ARC = YES;
				CLANG_ENABLE_OBJC_WEAK = YES;
				CLANG_WARN_BLOCK_CAPTURE_AUTORELEASING = YES;
				CLANG_WARN_BOOL_CONVERSION = YES;
				CLANG_WARN_COMMA = YES;
				CLANG_WARN_CONSTANT_CONVERSION = YES;
				CLANG_WARN_DEPRECATED_OBJC_IMPLEMENTATIONS = YES;
				CLANG_WARN_DIRECT_OBJC_ISA_USAGE = YES_ERROR;
				CLANG_WARN_DOCUMENTATION_COMMENTS = YES;
				CLANG_WARN_EMPTY_BODY = YES;
				CLANG_WARN_ENUM_CONVERSION = YES;
				CLANG_WARN_INFINITE_RECURSION = YES;
				CLANG_WARN_INT_CONVERSION = YES;
				CLANG_WARN_NON_LITERAL_NULL_CONVERSION = YES;
				CLANG_WARN_OBJC_IMPLICIT_RETAIN_SELF = YES;
				CLANG_WARN_OBJC_LITERAL_CONVERSION = YES;
				CLANG_WARN_OBJC_ROOT_CLASS = YES_ERROR;
				CLANG_WARN_QUOTED_INCLUDE_IN_FRAMEWORK_HEADER = YES;
				CLANG_WARN_RANGE_LOOP_ANALYSIS = YES;
				CLANG_WARN_STRICT_PROTOTYPES = YES;
				CLANG_WARN_SUSPICIOUS_MOVE = YES;
				CLANG_WARN_UNGUARDED_AVAILABILITY = YES_AGGRESSIVE;
				CLANG_WARN_UNREACHABLE_CODE = YES;
				CLANG_WARN__DUPLICATE_METHOD_MATCH = YES;
				COPY_PHASE_STRIP = NO;
				DEBUG_INFORMATION_FORMAT = dwarf;
				ENABLE_STRICT_OBJC_MSGSEND = YES;
				ENABLE_TESTABILITY = YES;
				GCC_C_LANGUAGE_STANDARD = gnu11;
				GCC_DYNAMIC_NO_PIC = NO;
				GCC_NO_COMMON_BLOCKS = YES;
				GCC_OPTIMIZATION_LEVEL = 0;
				GCC_PREPROCESSOR_DEFINITIONS = (
					"DEBUG=1",
					"$(inherited)",
				);
				GCC_WARN_64_TO_32_BIT_CONVERSION = YES;
				GCC_WARN_ABOUT_RETURN_TYPE = YES_ERROR;
				GCC_WARN_UNDECLARED_SELECTOR = YES;
				GCC_WARN_UNINITIALIZED_AUTOS = YES_AGGRESSIVE;
				GCC_WARN_UNUSED_FUNCTION = YES;
				GCC_WARN_UNUSED_VARIABLE = YES;
				IPHONEOS_DEPLOYMENT_TARGET = 16.2;
				MTL_ENABLE_DEBUG_INFO = INCLUDE_SOURCE;
				MTL_FAST_MATH = YES;
				ONLY_ACTIVE_ARCH = YES;
				SDKROOT = iphoneos;
				SWIFT_ACTIVE_COMPILATION_CONDITIONS = DEBUG;
				SWIFT_OPTIMIZATION_LEVEL = "-Onone";
			};
			name = Debug;
		};
		48AB3FD529F8A03400049CDA /* Release */ = {
			isa = XCBuildConfiguration;
			buildSettings = {
				ALWAYS_SEARCH_USER_PATHS = NO;
				CLANG_ANALYZER_NONNULL = YES;
				CLANG_ANALYZER_NUMBER_OBJECT_CONVERSION = YES_AGGRESSIVE;
				CLANG_CXX_LANGUAGE_STANDARD = "gnu++20";
				CLANG_ENABLE_MODULES = YES;
				CLANG_ENABLE_OBJC_ARC = YES;
				CLANG_ENABLE_OBJC_WEAK = YES;
				CLANG_WARN_BLOCK_CAPTURE_AUTORELEASING = YES;
				CLANG_WARN_BOOL_CONVERSION = YES;
				CLANG_WARN_COMMA = YES;
				CLANG_WARN_CONSTANT_CONVERSION = YES;
				CLANG_WARN_DEPRECATED_OBJC_IMPLEMENTATIONS = YES;
				CLANG_WARN_DIRECT_OBJC_ISA_USAGE = YES_ERROR;
				CLANG_WARN_DOCUMENTATION_COMMENTS = YES;
				CLANG_WARN_EMPTY_BODY = YES;
				CLANG_WARN_ENUM_CONVERSION = YES;
				CLANG_WARN_INFINITE_RECURSION = YES;
				CLANG_WARN_INT_CONVERSION = YES;
				CLANG_WARN_NON_LITERAL_NULL_CONVERSION = YES;
				CLANG_WARN_OBJC_IMPLICIT_RETAIN_SELF = YES;
				CLANG_WARN_OBJC_LITERAL_CONVERSION = YES;
				CLANG_WARN_OBJC_ROOT_CLASS = YES_ERROR;
				CLANG_WARN_QUOTED_INCLUDE_IN_FRAMEWORK_HEADER = YES;
				CLANG_WARN_RANGE_LOOP_ANALYSIS = YES;
				CLANG_WARN_STRICT_PROTOTYPES = YES;
				CLANG_WARN_SUSPICIOUS_MOVE = YES;
				CLANG_WARN_UNGUARDED_AVAILABILITY = YES_AGGRESSIVE;
				CLANG_WARN_UNREACHABLE_CODE = YES;
				CLANG_WARN__DUPLICATE_METHOD_MATCH = YES;
				COPY_PHASE_STRIP = NO;
				DEBUG_INFORMATION_FORMAT = "dwarf-with-dsym";
				ENABLE_NS_ASSERTIONS = NO;
				ENABLE_STRICT_OBJC_MSGSEND = YES;
				GCC_C_LANGUAGE_STANDARD = gnu11;
				GCC_NO_COMMON_BLOCKS = YES;
				GCC_WARN_64_TO_32_BIT_CONVERSION = YES;
				GCC_WARN_ABOUT_RETURN_TYPE = YES_ERROR;
				GCC_WARN_UNDECLARED_SELECTOR = YES;
				GCC_WARN_UNINITIALIZED_AUTOS = YES_AGGRESSIVE;
				GCC_WARN_UNUSED_FUNCTION = YES;
				GCC_WARN_UNUSED_VARIABLE = YES;
				IPHONEOS_DEPLOYMENT_TARGET = 16.2;
				MTL_ENABLE_DEBUG_INFO = NO;
				MTL_FAST_MATH = YES;
				SDKROOT = iphoneos;
				SWIFT_COMPILATION_MODE = wholemodule;
				SWIFT_OPTIMIZATION_LEVEL = "-O";
				VALIDATE_PRODUCT = YES;
			};
			name = Release;
		};
		48AB3FD729F8A03400049CDA /* Debug */ = {
			isa = XCBuildConfiguration;
			buildSettings = {
				ASSETCATALOG_COMPILER_APPICON_NAME = AppIcon;
				ASSETCATALOG_COMPILER_GLOBAL_ACCENT_COLOR_NAME = AccentColor;
				CODE_SIGN_STYLE = Automatic;
				CURRENT_PROJECT_VERSION = 1;
				GENERATE_INFOPLIST_FILE = YES;
				INFOPLIST_FILE = DNDSpellbook/Info.plist;
				INFOPLIST_KEY_UIApplicationSupportsIndirectInputEvents = YES;
				INFOPLIST_KEY_UILaunchStoryboardName = LaunchScreen;
				INFOPLIST_KEY_UIMainStoryboardFile = Main;
				INFOPLIST_KEY_UISupportedInterfaceOrientations_iPad = "UIInterfaceOrientationPortrait UIInterfaceOrientationPortraitUpsideDown UIInterfaceOrientationLandscapeLeft UIInterfaceOrientationLandscapeRight";
				INFOPLIST_KEY_UISupportedInterfaceOrientations_iPhone = "UIInterfaceOrientationPortrait UIInterfaceOrientationLandscapeLeft UIInterfaceOrientationLandscapeRight";
				LD_RUNPATH_SEARCH_PATHS = (
					"$(inherited)",
					"@executable_path/Frameworks",
				);
				MARKETING_VERSION = 1.0;
				PRODUCT_BUNDLE_IDENTIFIER = cst495.DNDSpellbook;
				PRODUCT_NAME = "$(TARGET_NAME)";
				SWIFT_EMIT_LOC_STRINGS = YES;
				SWIFT_VERSION = 5.0;
				TARGETED_DEVICE_FAMILY = "1,2";
			};
			name = Debug;
		};
		48AB3FD829F8A03400049CDA /* Release */ = {
			isa = XCBuildConfiguration;
			buildSettings = {
				ASSETCATALOG_COMPILER_APPICON_NAME = AppIcon;
				ASSETCATALOG_COMPILER_GLOBAL_ACCENT_COLOR_NAME = AccentColor;
				CODE_SIGN_STYLE = Automatic;
				CURRENT_PROJECT_VERSION = 1;
				GENERATE_INFOPLIST_FILE = YES;
				INFOPLIST_FILE = DNDSpellbook/Info.plist;
				INFOPLIST_KEY_UIApplicationSupportsIndirectInputEvents = YES;
				INFOPLIST_KEY_UILaunchStoryboardName = LaunchScreen;
				INFOPLIST_KEY_UIMainStoryboardFile = Main;
				INFOPLIST_KEY_UISupportedInterfaceOrientations_iPad = "UIInterfaceOrientationPortrait UIInterfaceOrientationPortraitUpsideDown UIInterfaceOrientationLandscapeLeft UIInterfaceOrientationLandscapeRight";
				INFOPLIST_KEY_UISupportedInterfaceOrientations_iPhone = "UIInterfaceOrientationPortrait UIInterfaceOrientationLandscapeLeft UIInterfaceOrientationLandscapeRight";
				LD_RUNPATH_SEARCH_PATHS = (
					"$(inherited)",
					"@executable_path/Frameworks",
				);
				MARKETING_VERSION = 1.0;
				PRODUCT_BUNDLE_IDENTIFIER = cst495.DNDSpellbook;
				PRODUCT_NAME = "$(TARGET_NAME)";
				SWIFT_EMIT_LOC_STRINGS = YES;
				SWIFT_VERSION = 5.0;
				TARGETED_DEVICE_FAMILY = "1,2";
			};
			name = Release;
		};
/* End XCBuildConfiguration section */

/* Begin XCConfigurationList section */
		48AB3FBD29F8A03300049CDA /* Build configuration list for PBXProject "DNDSpellbook" */ = {
			isa = XCConfigurationList;
			buildConfigurations = (
				48AB3FD429F8A03400049CDA /* Debug */,
				48AB3FD529F8A03400049CDA /* Release */,
			);
			defaultConfigurationIsVisible = 0;
			defaultConfigurationName = Release;
		};
		48AB3FD629F8A03400049CDA /* Build configuration list for PBXNativeTarget "DNDSpellbook" */ = {
			isa = XCConfigurationList;
			buildConfigurations = (
				48AB3FD729F8A03400049CDA /* Debug */,
				48AB3FD829F8A03400049CDA /* Release */,
			);
			defaultConfigurationIsVisible = 0;
			defaultConfigurationName = Release;
		};
/* End XCConfigurationList section */

/* Begin XCRemoteSwiftPackageReference section */
		48AB3FDB29F8A54200049CDA /* XCRemoteSwiftPackageReference "Parse-Swift" */ = {
			isa = XCRemoteSwiftPackageReference;
			repositoryURL = "https://github.com/parse-community/Parse-Swift";
			requirement = {
				kind = upToNextMajorVersion;
				minimumVersion = 4.0.0;
			};
		};
/* End XCRemoteSwiftPackageReference section */

/* Begin XCSwiftPackageProductDependency section */
		48AB3FDC29F8A54200049CDA /* ParseSwift */ = {
			isa = XCSwiftPackageProductDependency;
			package = 48AB3FDB29F8A54200049CDA /* XCRemoteSwiftPackageReference "Parse-Swift" */;
			productName = ParseSwift;
		};
/* End XCSwiftPackageProductDependency section */
	};
	rootObject = 48AB3FBA29F8A03300049CDA /* Project object */;
}
